{
  "name": "love-typescript-boilerplate",
  "version": "1.0.0",
  "lockfileVersion": 1,
  "requires": true,
  "dependencies": {
    "love-typescript-definitions": {
      "version": "0.11.1",
      "resolved": "https://registry.npmjs.org/love-typescript-definitions/-/love-typescript-definitions-0.11.1.tgz",
      "integrity": "sha512-1R3dZsSyRP9C1Z+9/hQeswrZQDbUTOzUkUuMnNkHCeHr2Hs9DI7f5FZguPYn57B555RYqKz9wdOxnjACKjxXNw==",
      "dev": true,
      "requires": {
        "lua-types": "^2.4.0"
      }
    },
    "lua-types": {
      "version": "2.4.1",
      "resolved": "https://registry.npmjs.org/lua-types/-/lua-types-2.4.1.tgz",
      "integrity": "sha512-oSmJv9ptnSOQQXu7dcWq4ZYZ+DInL9x1VCA51j6gj8hEaUq96YdOQ7ADxC+eLN70H7fhks3hHP7vN/CBYOxdNQ==",
      "dev": true
    },
    "source-map": {
      "version": "0.7.3",
      "resolved": "https://registry.npmjs.org/source-map/-/source-map-0.7.3.tgz",
      "integrity": "sha512-CkCj6giN3S+n9qrYiBTX5gystlENnRW5jZeNLHpe6aue+SrHcG5VYwujhW9s4dY31mEGsxBDrHR6oI69fTXsaQ==",
      "dev": true
    },
    "typescript": {
      "version": "3.5.1",
      "resolved": "https://registry.npmjs.org/typescript/-/typescript-3.5.1.tgz",
      "integrity": "sha512-64HkdiRv1yYZsSe4xC1WVgamNigVYjlssIoaH2HcZF0+ijsk5YK2g0G34w9wJkze8+5ow4STd22AynfO6ZYYLw==",
      "dev": true
    },
    "typescript-to-lua": {
      "version": "0.21.1",
      "resolved": "https://registry.npmjs.org/typescript-to-lua/-/typescript-to-lua-0.21.1.tgz",
      "integrity": "sha512-CvqkEmPYhOIl6q2FibV2QYdadM2CPyO/QIY4BEdSkiyhgSYMqWReRk9rrUMwD2P5dg7MX/VAZw9kIwjF4/pn9g==",
      "dev": true,
      "requires": {
        "source-map": "^0.7.3",
        "typescript": "^3.4.5"
      }
    }
  }
}
