{
  "name": "love-typescript-boilerplate",
  "version": "1.0.0",
  "lockfileVersion": 1,
  "requires": true,
  "dependencies": {
    "love-typescript-definitions": {
      "version": "0.9.7-rc1",
      "resolved": "https://registry.npmjs.org/love-typescript-definitions/-/love-typescript-definitions-0.9.7-rc1.tgz",
      "integrity": "sha512-4LxJi5lVEBL+UAmxBcjygl6b5bEpLduB9Q45IoxF4D8SBpE3eVmOlfl7e+FYQ5Pl+aD78Es1v+yR8lSG7vHxaw==",
      "dev": true,
      "requires": {
        "lua-types": "^2.3.2"
      }
    },
    "lua-types": {
      "version": "2.3.2",
      "resolved": "https://registry.npmjs.org/lua-types/-/lua-types-2.3.2.tgz",
      "integrity": "sha512-Clt2H6QwvuLRppwybD+O88fIufitl7xfznMeDp4Quhs5riHdCt97sRPb7TEz8fgmIJ1qho1XiPGZjKfmg8khhQ==",
      "dev": true
    },
    "source-map": {
      "version": "0.7.3",
      "resolved": "https://registry.npmjs.org/source-map/-/source-map-0.7.3.tgz",
      "integrity": "sha512-CkCj6giN3S+n9qrYiBTX5gystlENnRW5jZeNLHpe6aue+SrHcG5VYwujhW9s4dY31mEGsxBDrHR6oI69fTXsaQ==",
      "dev": true
    },
    "typescript": {
      "version": "3.4.3",
      "resolved": "https://registry.npmjs.org/typescript/-/typescript-3.4.3.tgz",
      "integrity": "sha512-FFgHdPt4T/duxx6Ndf7hwgMZZjZpB+U0nMNGVCYPq0rEzWKjEDobm4J6yb3CS7naZ0yURFqdw9Gwc7UOh/P9oQ==",
      "dev": true
    },
    "typescript-to-lua": {
      "version": "0.17.0",
      "resolved": "https://registry.npmjs.org/typescript-to-lua/-/typescript-to-lua-0.17.0.tgz",
      "integrity": "sha512-aERhnPkSwMq2krTh+n48A8TfXKqOl7pGJOnDV99jrLdVzyli1HxOq3rwYtRHUQYNWEMzB5Ynpndn+jUlDfhJhQ==",
      "dev": true,
      "requires": {
        "source-map": "^0.7.3",
        "typescript": "^3.3.1"
      }
    }
  }
}
