# THIS IS AN AUTOGENERATED FILE. DO NOT EDIT THIS FILE DIRECTLY.
# yarn lockfile v1


love-typescript-definitions@^0.15.0:
  version "0.15.1"
  resolved "https://registry.yarnpkg.com/love-typescript-definitions/-/love-typescript-definitions-0.15.1.tgz#0027205e4d6f22a85938b2d014b3168dd9cb59dd"
  integrity sha512-yxvqpOKNTzV0mFQKl9F8Nzb+FdiwET6q3uRBCB8znjOG29NHfPvQcrrPwrizC7gk3k5xNkeeGVTSm1sKQ25iFg==

lua-types@^2.5.2:
  version "2.6.2"
  resolved "https://registry.yarnpkg.com/lua-types/-/lua-types-2.6.2.tgz#ff0a7a8ff58ad235fc7c0ddc52839fa704f788a3"
  integrity sha512-bZN+eFFkjC6EzYi2OfgdAiUyjsJsDd6DwJyLlyWbb6FQJKBoPx/5KukaNWzpRjezvbDIrwsyy1LGkcWi8iwdVA==

path-parse@^1.0.6:
  version "1.0.6"
  resolved "https://registry.yarnpkg.com/path-parse/-/path-parse-1.0.6.tgz#d62dbb5679405d72c4737ec58600e9ddcf06d24c"
  integrity sha512-GSmOT2EbHrINBf9SR7CDELwlJ8AENk3Qn7OikK4nFYAu3Ote2+JYNVvkpAEQm3/TLNEJFD/xZJjzyxg3KBWOzw==

resolve@^1.11.0:
  version "1.11.1"
  resolved "https://registry.yarnpkg.com/resolve/-/resolve-1.11.1.tgz#ea10d8110376982fef578df8fc30b9ac30a07a3e"
  integrity sha512-vIpgF6wfuJOZI7KKKSP+HmiKggadPQAdsp5HiC1mvqnfp0gF1vdwgBWZIdrVft9pgqoMFQN+R7BSWZiBxx+BBw==
  dependencies:
    path-parse "^1.0.6"

source-map@^0.7.3:
  version "0.7.3"
  resolved "https://registry.yarnpkg.com/source-map/-/source-map-0.7.3.tgz#5302f8169031735226544092e64981f751750383"
  integrity sha512-CkCj6giN3S+n9qrYiBTX5gystlENnRW5jZeNLHpe6aue+SrHcG5VYwujhW9s4dY31mEGsxBDrHR6oI69fTXsaQ==

typescript-to-lua@^0.28.1:
  version "0.28.1"
  resolved "https://registry.yarnpkg.com/typescript-to-lua/-/typescript-to-lua-0.28.1.tgz#d8e58a17c7b7a2169afbb0ea10644ee5f4789273"
  integrity sha512-RTH4QthGfTxElcr9aPSJ4eIIN+u6cL++/FGf8/rif1YQjpdA9gnHPVQyCnC5SbF8UW2OfyeEhDCgoqLWcq4ILQ==
  dependencies:
    resolve "^1.11.0"
    source-map "^0.7.3"
    typescript "^3.6.2"

typescript@^3.6.2:
  version "3.6.4"
  resolved "https://registry.yarnpkg.com/typescript/-/typescript-3.6.4.tgz#b18752bb3792bc1a0281335f7f6ebf1bbfc5b91d"
  integrity sha512-unoCll1+l+YK4i4F8f22TaNVPRHcD9PA3yCuZ8g5e0qGqlVlJ/8FSateOLLSagn+Yg5+ZwuPkL8LFUc0Jcvksg==
