# THIS IS AN AUTOGENERATED FILE. DO NOT EDIT THIS FILE DIRECTLY.
# yarn lockfile v1


love-typescript-definitions@^0.12.0:
  version "0.12.0"
  resolved "https://registry.yarnpkg.com/love-typescript-definitions/-/love-typescript-definitions-0.12.0.tgz#c865be3c96d204e233ca207bbf195e7796db4c76"
  integrity sha512-6PxPCMvb96mg6sNDGYMUzNRsRF/HfeiMYy9bBbmq3c46hlCIrMglYZc4gqyBTFsTU+9tRvZgdnlEMM5tJN8B/g==
  dependencies:
    lua-types "^2.5.1"

lua-types@^2.5.1:
  version "2.5.1"
  resolved "https://registry.yarnpkg.com/lua-types/-/lua-types-2.5.1.tgz#57e491739d40c0c18f5d7b84fd0ed67b999b605a"
  integrity sha512-Rkxfo0in965tniAdCoUTK+iv1B3MrnS5KWbdm5+P+P5gWCUUYbFzkk4tcuu+qMVw4hrLBzyvYXWnLoQxcvnHJg==

path-parse@^1.0.6:
  version "1.0.6"
  resolved "https://registry.yarnpkg.com/path-parse/-/path-parse-1.0.6.tgz#d62dbb5679405d72c4737ec58600e9ddcf06d24c"
  integrity sha512-GSmOT2EbHrINBf9SR7CDELwlJ8AENk3Qn7OikK4nFYAu3Ote2+JYNVvkpAEQm3/TLNEJFD/xZJjzyxg3KBWOzw==

resolve@^1.11.0:
  version "1.11.1"
  resolved "https://registry.yarnpkg.com/resolve/-/resolve-1.11.1.tgz#ea10d8110376982fef578df8fc30b9ac30a07a3e"
  integrity sha512-vIpgF6wfuJOZI7KKKSP+HmiKggadPQAdsp5HiC1mvqnfp0gF1vdwgBWZIdrVft9pgqoMFQN+R7BSWZiBxx+BBw==
  dependencies:
    path-parse "^1.0.6"

source-map@^0.7.3:
  version "0.7.3"
  resolved "https://registry.yarnpkg.com/source-map/-/source-map-0.7.3.tgz#5302f8169031735226544092e64981f751750383"
  integrity sha512-CkCj6giN3S+n9qrYiBTX5gystlENnRW5jZeNLHpe6aue+SrHcG5VYwujhW9s4dY31mEGsxBDrHR6oI69fTXsaQ==

typescript-to-lua@^0.22.1:
  version "0.22.1"
  resolved "https://registry.yarnpkg.com/typescript-to-lua/-/typescript-to-lua-0.22.1.tgz#796df77dae9108d7a265697e746dce31e9663728"
  integrity sha512-mRKKnFdTftqzmw/7p/BjuL48opgUDgDTPdnOoy3ikVdxPm+i5/yhd5YePLsrIALT9PYSoeKAXJbSOcXoy0d/AA==
  dependencies:
    resolve "^1.11.0"
    source-map "^0.7.3"
    typescript "^3.5.2"

typescript@^3.5.2:
  version "3.5.2"
  resolved "https://registry.yarnpkg.com/typescript/-/typescript-3.5.2.tgz#a09e1dc69bc9551cadf17dba10ee42cf55e5d56c"
  integrity sha512-7KxJovlYhTX5RaRbUdkAXN1KUZ8PwWlTzQdHV6xNqvuFOs7+WBo10TQUqT19Q/Jz2hk5v9TQDIhyLhhJY4p5AA==
