# THIS IS AN AUTOGENERATED FILE. DO NOT EDIT THIS FILE DIRECTLY.
# yarn lockfile v1


love-typescript-definitions@^0.15.0:
  version "0.15.0"
  resolved "https://registry.yarnpkg.com/love-typescript-definitions/-/love-typescript-definitions-0.15.0.tgz#565fa7b47cb2d1eec7e9898e3611a6b72c1135fc"
  integrity sha512-ylBmvbP5i/XzBbXKw3h5998tVlLl1Ou+p4qLXPA9mK9P1nL6WHr3kj24NnLS+0WtEiHLnMf8PyGpEO+3aevRKQ==

lua-types@^2.5.2:
  version "2.5.2"
  resolved "https://registry.yarnpkg.com/lua-types/-/lua-types-2.5.2.tgz#0685093d40bf0a5ba9d1e7c49d53033a0d5dcbd7"
  integrity sha512-JaVECSBG5z/BheVJOsPxEmrVDvTEnnuOlZuDHuktEWVq6+0xxq1rR3W7fJP+tKfXYtVjsZxMZhHSTd/vesP6Qw==

path-parse@^1.0.6:
  version "1.0.6"
  resolved "https://registry.yarnpkg.com/path-parse/-/path-parse-1.0.6.tgz#d62dbb5679405d72c4737ec58600e9ddcf06d24c"
  integrity sha512-GSmOT2EbHrINBf9SR7CDELwlJ8AENk3Qn7OikK4nFYAu3Ote2+JYNVvkpAEQm3/TLNEJFD/xZJjzyxg3KBWOzw==

resolve@^1.11.0:
  version "1.11.1"
  resolved "https://registry.yarnpkg.com/resolve/-/resolve-1.11.1.tgz#ea10d8110376982fef578df8fc30b9ac30a07a3e"
  integrity sha512-vIpgF6wfuJOZI7KKKSP+HmiKggadPQAdsp5HiC1mvqnfp0gF1vdwgBWZIdrVft9pgqoMFQN+R7BSWZiBxx+BBw==
  dependencies:
    path-parse "^1.0.6"

source-map@^0.7.3:
  version "0.7.3"
  resolved "https://registry.yarnpkg.com/source-map/-/source-map-0.7.3.tgz#5302f8169031735226544092e64981f751750383"
  integrity sha512-CkCj6giN3S+n9qrYiBTX5gystlENnRW5jZeNLHpe6aue+SrHcG5VYwujhW9s4dY31mEGsxBDrHR6oI69fTXsaQ==

typescript-to-lua@^0.24.0:
  version "0.24.0"
  resolved "https://registry.yarnpkg.com/typescript-to-lua/-/typescript-to-lua-0.24.0.tgz#060e8bf87c421412fc423287305c269c209677ac"
  integrity sha512-HC5dA7qXDgHEA0opZ7bmkOdzDgit/xmBKKbT+DKGk3IOQvd2brGzgQ5If0r1H24hkz6piuGzd0b/63/tUgWeyQ==
  dependencies:
    resolve "^1.11.0"
    source-map "^0.7.3"
    typescript "^3.5.2"

typescript@^3.5.2:
  version "3.5.3"
  resolved "https://registry.yarnpkg.com/typescript/-/typescript-3.5.3.tgz#c830f657f93f1ea846819e929092f5fe5983e977"
  integrity sha512-ACzBtm/PhXBDId6a6sDJfroT2pOWt/oOnk4/dElG5G33ZL776N3Y6/6bKZJBFpd+b05F3Ct9qDjMeJmRWtE2/g==
